
Microsoft Visual Studio Solution File, Format Version 15.00
# Visual Studio 2017
Project("{FAE04EC0-301F-11D3-BF4B-00C04F79EFBC}") = "solved-book-questions-tracker", "solved-book-questions-tracker.csproj", "{AD6FF827-74A4-4DE9-89F5-D72F9B7FBD09}"
EndProject
Global
	GlobalSection(SolutionConfigurationPlatforms) = preSolution
		Debug|Any CPU = Debug|Any CPU
		Release|Any CPU = Release|Any CPU
	EndGlobalSection
	GlobalSection(ProjectConfigurationPlatforms) = postSolution
		{AD6FF827-74A4-4DE9-89F5-D72F9B7FBD09}.Debug|Any CPU.ActiveCfg = Debug|Any CPU
		{AD6FF827-74A4-4DE9-89F5-D72F9B7FBD09}.Debug|Any CPU.Build.0 = Debug|Any CPU
		{AD6FF827-74A4-4DE9-89F5-D72F9B7FBD09}.Release|Any CPU.ActiveCfg = Release|Any CPU
		{AD6FF827-74A4-4DE9-89F5-D72F9B7FBD09}.Release|Any CPU.Build.0 = Release|Any CPU
	EndGlobalSection
EndGlobal
